
Microsoft Visual Studio Solution File, Format Version 12.00
# Visual Studio Version 17
VisualStudioVersion = 17.1.32421.90
MinimumVisualStudioVersion = 10.0.40219.1
Project("{FAE04EC0-301F-11D3-BF4B-00C04F79EFBC}") = "DataBaseAndORM", "DataBaseAndORM\DataBaseAndORM.csproj", "{BF26B961-82AA-41FA-8F44-92E5F867BC8B}"
EndProject
Global
	GlobalSection(SolutionConfigurationPlatforms) = preSolution
		Debug|Any CPU = Debug|Any CPU
		Release|Any CPU = Release|Any CPU
	EndGlobalSection
	GlobalSection(ProjectConfigurationPlatforms) = postSolution
		{BF26B961-82AA-41FA-8F44-92E5F867BC8B}.Debug|Any CPU.ActiveCfg = Debug|Any CPU
		{BF26B961-82AA-41FA-8F44-92E5F867BC8B}.Debug|Any CPU.Build.0 = Debug|Any CPU
		{BF26B961-82AA-41FA-8F44-92E5F867BC8B}.Release|Any CPU.ActiveCfg = Release|Any CPU
		{BF26B961-82AA-41FA-8F44-92E5F867BC8B}.Release|Any CPU.Build.0 = Release|Any CPU
	EndGlobalSection
	GlobalSection(SolutionProperties) = preSolution
		HideSolutionNode = FALSE
	EndGlobalSection
	GlobalSection(ExtensibilityGlobals) = postSolution
		SolutionGuid = {38293AD2-403D-4446-858B-3D9DB8B19961}
	EndGlobalSection
EndGlobal
